<?xml version="1.0" encoding="utf-8"?>
<Project ToolsVersion="4.0" xmlns="http://schemas.microsoft.com/developer/msbuild/2003">
  <ItemGroup>
    <Filter Include="Source Files">
      <UniqueIdentifier>{4FC737F1-C7A5-4376-A066-2A32D752A2FF}</UniqueIdentifier>
      <Extensions>cpp;c;cc;cxx;def;odl;idl;hpj;bat;asm;asmx</Extensions>
    </Filter>
    <Filter Include="Header Files">
      <UniqueIdentifier>{93995380-89BD-4b04-88EB-625FBE52EBFB}</UniqueIdentifier>
      <Extensions>h;hh;hpp;hxx;hm;inl;inc;xsd</Extensions>
    </Filter>
    <Filter Include="Resource Files">
      <UniqueIdentifier>{67DA6AB6-F800-4c08-8B7A-83BB121AAD01}</UniqueIdentifier>
      <Extensions>rc;ico;cur;bmp;dlg;rc2;rct;bin;rgs;gif;jpg;jpeg;jpe;resx;tiff;tif;png;wav</Extensions>
    </Filter>
  </ItemGroup>
  <ItemGroup>
    <ClCompile Include="elisp.c">
      <Filter>Source Files</Filter>
    </ClCompile>
    <ClCompile Include="emacs-module.c">
      <Filter>Source Files</Filter>
    </ClCompile>
    <ClCompile Include="utf8.c">
      <Filter>Source Files</Filter>
    </ClCompile>
    <ClCompile Include="vterm-module-win32.c">
      <Filter>Source Files</Filter>
    </ClCompile>
    <ClCompile Include="libs\libvterm-0.3.3\src\encoding.c">
      <Filter>Source Files</Filter>
    </ClCompile>
    <ClCompile Include="libs\libvterm-0.3.3\src\keyboard.c">
      <Filter>Source Files</Filter>
    </ClCompile>
    <ClCompile Include="libs\libvterm-0.3.3\src\mouse.c">
      <Filter>Source Files</Filter>
    </ClCompile>
    <ClCompile Include="libs\libvterm-0.3.3\src\parser.c">
      <Filter>Source Files</Filter>
    </ClCompile>
    <ClCompile Include="libs\libvterm-0.3.3\src\pen.c">
      <Filter>Source Files</Filter>
    </ClCompile>
    <ClCompile Include="libs\libvterm-0.3.3\src\screen.c">
      <Filter>Source Files</Filter>
    </ClCompile>
    <ClCompile Include="libs\libvterm-0.3.3\src\state.c">
      <Filter>Source Files</Filter>
    </ClCompile>
    <ClCompile Include="libs\libvterm-0.3.3\src\unicode.c">
      <Filter>Source Files</Filter>
    </ClCompile>
    <ClCompile Include="libs\libvterm-0.3.3\src\vterm.c">
      <Filter>Source Files</Filter>
    </ClCompile>
    <ClCompile Include="libs\log.c\src\log.c">
      <Filter>Source Files</Filter>
    </ClCompile>
    <ClCompile Include="main.c">
      <Filter>Source Files</Filter>
    </ClCompile>
    <ClCompile Include="vterm-module.c">
      <Filter>Source Files</Filter>
    </ClCompile>
  </ItemGroup>
  <ItemGroup>
    <ClInclude Include="elisp.h">
      <Filter>Header Files</Filter>
    </ClInclude>
    <ClInclude Include="emacs-module.h">
      <Filter>Header Files</Filter>
    </ClInclude>
    <ClInclude Include="utf8.h">
      <Filter>Header Files</Filter>
    </ClInclude>
    <ClInclude Include="vterm-module.h">
      <Filter>Header Files</Filter>
    </ClInclude>
    <ClInclude Include="libs\libvterm-0.3.3\include\vterm.h">
      <Filter>Header Files</Filter>
    </ClInclude>
    <ClInclude Include="libs\libvterm-0.3.3\include\vterm_keycodes.h">
      <Filter>Header Files</Filter>
    </ClInclude>
    <ClInclude Include="libs\libvterm-0.3.3\src\rect.h">
      <Filter>Header Files</Filter>
    </ClInclude>
    <ClInclude Include="libs\libvterm-0.3.3\src\utf8.h">
      <Filter>Header Files</Filter>
    </ClInclude>
    <ClInclude Include="libs\libvterm-0.3.3\src\vterm_internal.h">
      <Filter>Header Files</Filter>
    </ClInclude>
    <ClInclude Include="libs\log.c\src\log.h">
      <Filter>Header Files</Filter>
    </ClInclude>
    <ClInclude Include="vterm-module-win32.h">
      <Filter>Header Files</Filter>
    </ClInclude>
  </ItemGroup>
  <ItemGroup>
    <None Include="libs\libvterm-0.3.3\src\fullwidth.inc">
      <Filter>Header Files</Filter>
    </None>
    <None Include="libs\libvterm-0.3.3\src\encoding\DECdrawing.inc">
      <Filter>Header Files</Filter>
    </None>
    <None Include="libs\libvterm-0.3.3\src\encoding\uk.inc">
      <Filter>Header Files</Filter>
    </None>
  </ItemGroup>
</Project>